
Microsoft Visual Studio Solution File, Format Version 12.00
# Visual Studio Version 17
VisualStudioVersion = 17.2.32602.215
MinimumVisualStudioVersion = 10.0.40219.1
Project("{8BC9CEB8-8B4A-11D0-8D11-00A0C91BC942}") = "Gengle", "Gengle\Gengle.vcxproj", "{CB75A33B-E9E6-4892-8DD0-E3192375C683}"
EndProject
Project("{8BC9CEB8-8B4A-11D0-8D11-00A0C91BC942}") = "BasicDemo", "BasicDemo\BasicDemo.vcxproj", "{C917BD29-850E-4CC2-80B2-A65724119B21}"
EndProject
Project("{8BC9CEB8-8B4A-11D0-8D11-00A0C91BC942}") = "GengleInterop", "GengleInterop\GengleInterop.vcxproj", "{B10525C7-5DA3-405D-9481-12F9BA3DF680}"
EndProject
Global
	GlobalSection(SolutionConfigurationPlatforms) = preSolution
		Debug|32-bit = Debug|32-bit
		Debug|x64 = Debug|x64
		Debug|x86 = Debug|x86
		Release|32-bit = Release|32-bit
		Release|x64 = Release|x64
		Release|x86 = Release|x86
	EndGlobalSection
	GlobalSection(ProjectConfigurationPlatforms) = postSolution
		{CB75A33B-E9E6-4892-8DD0-E3192375C683}.Debug|32-bit.ActiveCfg = Debug|Win32
		{CB75A33B-E9E6-4892-8DD0-E3192375C683}.Debug|32-bit.Build.0 = Debug|Win32
		{CB75A33B-E9E6-4892-8DD0-E3192375C683}.Debug|x64.ActiveCfg = Debug|x64
		{CB75A33B-E9E6-4892-8DD0-E3192375C683}.Debug|x64.Build.0 = Debug|x64
		{CB75A33B-E9E6-4892-8DD0-E3192375C683}.Debug|x86.ActiveCfg = Debug|Win32
		{CB75A33B-E9E6-4892-8DD0-E3192375C683}.Debug|x86.Build.0 = Debug|Win32
		{CB75A33B-E9E6-4892-8DD0-E3192375C683}.Release|32-bit.ActiveCfg = Release|Win32
		{CB75A33B-E9E6-4892-8DD0-E3192375C683}.Release|32-bit.Build.0 = Release|Win32
		{CB75A33B-E9E6-4892-8DD0-E3192375C683}.Release|x64.ActiveCfg = Release|x64
		{CB75A33B-E9E6-4892-8DD0-E3192375C683}.Release|x64.Build.0 = Release|x64
		{CB75A33B-E9E6-4892-8DD0-E3192375C683}.Release|x86.ActiveCfg = Release|Win32
		{CB75A33B-E9E6-4892-8DD0-E3192375C683}.Release|x86.Build.0 = Release|Win32
		{C917BD29-850E-4CC2-80B2-A65724119B21}.Debug|32-bit.ActiveCfg = Debug|Win32
		{C917BD29-850E-4CC2-80B2-A65724119B21}.Debug|32-bit.Build.0 = Debug|Win32
		{C917BD29-850E-4CC2-80B2-A65724119B21}.Debug|x64.ActiveCfg = Debug|x64
		{C917BD29-850E-4CC2-80B2-A65724119B21}.Debug|x64.Build.0 = Debug|x64
		{C917BD29-850E-4CC2-80B2-A65724119B21}.Debug|x86.ActiveCfg = Debug|Win32
		{C917BD29-850E-4CC2-80B2-A65724119B21}.Debug|x86.Build.0 = Debug|Win32
		{C917BD29-850E-4CC2-80B2-A65724119B21}.Release|32-bit.ActiveCfg = Release|Win32
		{C917BD29-850E-4CC2-80B2-A65724119B21}.Release|32-bit.Build.0 = Release|Win32
		{C917BD29-850E-4CC2-80B2-A65724119B21}.Release|x64.ActiveCfg = Release|x64
		{C917BD29-850E-4CC2-80B2-A65724119B21}.Release|x64.Build.0 = Release|x64
		{C917BD29-850E-4CC2-80B2-A65724119B21}.Release|x86.ActiveCfg = Release|Win32
		{C917BD29-850E-4CC2-80B2-A65724119B21}.Release|x86.Build.0 = Release|Win32
		{B10525C7-5DA3-405D-9481-12F9BA3DF680}.Debug|32-bit.ActiveCfg = Debug|Win32
		{B10525C7-5DA3-405D-9481-12F9BA3DF680}.Debug|32-bit.Build.0 = Debug|Win32
		{B10525C7-5DA3-405D-9481-12F9BA3DF680}.Debug|x64.ActiveCfg = Debug|x64
		{B10525C7-5DA3-405D-9481-12F9BA3DF680}.Debug|x64.Build.0 = Debug|x64
		{B10525C7-5DA3-405D-9481-12F9BA3DF680}.Debug|x86.ActiveCfg = Debug|Win32
		{B10525C7-5DA3-405D-9481-12F9BA3DF680}.Debug|x86.Build.0 = Debug|Win32
		{B10525C7-5DA3-405D-9481-12F9BA3DF680}.Release|32-bit.ActiveCfg = Release|x64
		{B10525C7-5DA3-405D-9481-12F9BA3DF680}.Release|32-bit.Build.0 = Release|x64
		{B10525C7-5DA3-405D-9481-12F9BA3DF680}.Release|x64.ActiveCfg = Release|x64
		{B10525C7-5DA3-405D-9481-12F9BA3DF680}.Release|x64.Build.0 = Release|x64
		{B10525C7-5DA3-405D-9481-12F9BA3DF680}.Release|x86.ActiveCfg = Release|Win32
		{B10525C7-5DA3-405D-9481-12F9BA3DF680}.Release|x86.Build.0 = Release|Win32
	EndGlobalSection
	GlobalSection(SolutionProperties) = preSolution
		HideSolutionNode = FALSE
	EndGlobalSection
	GlobalSection(ExtensibilityGlobals) = postSolution
		SolutionGuid = {F41AFB42-45F9-491F-955B-46CA22CFC0BB}
	EndGlobalSection
EndGlobal
