
Microsoft Visual Studio Solution File, Format Version 12.00
# Visual Studio Version 17
VisualStudioVersion = 17.2.32602.215
MinimumVisualStudioVersion = 10.0.40219.1
Project("{8BC9CEB8-8B4A-11D0-8D11-00A0C91BC942}") = "Gengle", "Gengle\Gengle.vcxproj", "{CB75A33B-E9E6-4892-8DD0-E3192375C683}"
EndProject
Project("{8BC9CEB8-8B4A-11D0-8D11-00A0C91BC942}") = "BasicDemo", "BasicDemo\BasicDemo.vcxproj", "{C917BD29-850E-4CC2-80B2-A65724119B21}"
EndProject
Global
	GlobalSection(SolutionConfigurationPlatforms) = preSolution
		Debug|32-bit = Debug|32-bit
		Release|32-bit = Release|32-bit
	EndGlobalSection
	GlobalSection(ProjectConfigurationPlatforms) = postSolution
		{CB75A33B-E9E6-4892-8DD0-E3192375C683}.Debug|32-bit.ActiveCfg = Debug|Win32
		{CB75A33B-E9E6-4892-8DD0-E3192375C683}.Debug|32-bit.Build.0 = Debug|Win32
		{CB75A33B-E9E6-4892-8DD0-E3192375C683}.Release|32-bit.ActiveCfg = Release|Win32
		{CB75A33B-E9E6-4892-8DD0-E3192375C683}.Release|32-bit.Build.0 = Release|Win32
		{C917BD29-850E-4CC2-80B2-A65724119B21}.Debug|32-bit.ActiveCfg = Debug|Win32
		{C917BD29-850E-4CC2-80B2-A65724119B21}.Debug|32-bit.Build.0 = Debug|Win32
		{C917BD29-850E-4CC2-80B2-A65724119B21}.Release|32-bit.ActiveCfg = Release|Win32
		{C917BD29-850E-4CC2-80B2-A65724119B21}.Release|32-bit.Build.0 = Release|Win32
	EndGlobalSection
	GlobalSection(SolutionProperties) = preSolution
		HideSolutionNode = FALSE
	EndGlobalSection
	GlobalSection(ExtensibilityGlobals) = postSolution
		SolutionGuid = {F41AFB42-45F9-491F-955B-46CA22CFC0BB}
	EndGlobalSection
EndGlobal
