<?xml version="1.0" encoding="utf-8"?>
<Project ToolsVersion="4.0" xmlns="http://schemas.microsoft.com/developer/msbuild/2003">
  <ItemGroup>
    <ClCompile Include="GenericBuffer.cpp" />
    <ClCompile Include="CubeGElement.cpp" />
    <ClCompile Include="GElement.cpp" />
    <ClCompile Include="GengleEngine.cpp" />
    <ClCompile Include="GlobalTools.cpp" />
    <ClCompile Include="GlutManager.cpp" />
    <ClCompile Include="InputReceiver.cpp" />
    <ClCompile Include="InputTransmitter.cpp" />
    <ClCompile Include="InputUpdate.cpp" />
    <ClCompile Include="MathUtils.cpp" />
    <ClCompile Include="PhysicsDescriptor.cpp" />
    <ClCompile Include="PhysicsEngine.cpp" />
    <ClCompile Include="PhysicsRectangle.cpp" />
    <ClCompile Include="ShaderConfig.cpp" />
    <ClCompile Include="ShaderUniform.cpp" />
    <ClCompile Include="TriangleGElement.cpp" />
    <ClCompile Include="VertexArray.cpp" />
    <ClCompile Include="VertexAttribute.cpp" />
    <ClCompile Include="Voxel.cpp" />
    <ClCompile Include="VoxelCubeArrayGElement.cpp" />
  </ItemGroup>
  <ItemGroup>
    <ClInclude Include="VoxelCubeArrayGElement.h" />
    <ClInclude Include="GenericBuffer.h" />
    <ClInclude Include="CubeGElement.h" />
    <ClInclude Include="GElement.h" />
    <ClInclude Include="GengleEngine.h" />
    <ClInclude Include="GlobalTools.h" />
    <ClInclude Include="GlutManager.h" />
    <ClInclude Include="InputReceiver.h" />
    <ClInclude Include="InputTransmitter.h" />
    <ClInclude Include="InputUpdate.h" />
    <ClInclude Include="MathUtils.h" />
    <ClInclude Include="PhysicsDescriptor.h" />
    <ClInclude Include="PhysicsEngine.h" />
    <ClInclude Include="PhysicsRectangle.h" />
    <ClInclude Include="ShaderConfig.h" />
    <ClInclude Include="ShaderUniform.h" />
    <ClInclude Include="TriangleGElement.h" />
    <ClInclude Include="VertexArray.h" />
    <ClInclude Include="VertexAttribute.h" />
    <ClInclude Include="Voxel.h" />
    <ClInclude Include="VoxelConstants.h" />
    <ClInclude Include="WindowHelper.h" />
  </ItemGroup>
</Project>